NeoBundleLock AnsiEsc.vim d2bb7878622e4c16203acf1c92a0f4bc7ac58003
NeoBundleLock neobundle.vim ed123adb1dd31358f1ed35e852fb219c5214cf7c
NeoBundleLock nerdtree dda57f74132acfa2ba0ceb569baad6589ef0a55f
NeoBundleLock tcomment_vim 1a9e65e6e1b2783816b606d57184a05ef3f91339
NeoBundleLock vim-endwise f06abe3d6eca6f6ebfc31ea3163a51575f450df6
NeoBundleLock vim-indent-guides 4895e860258cd24c975255ef459af4b956107557
NeoBundleLock vim-rails a86ed1cd1a9314804cf3cb3303028254eeba3080
NeoBundleLock vim-surround 772ab9587b7d1e2c3bae75395c9123803059ba8a
