NeoBundleLock ctrlp.vim 84c6e6ff672333aae1d65acf58ccfb3cb346ad9d
NeoBundleLock neobundle.vim 108ce2c80e0af6898f967f4df7ff189368351ff6
NeoBundleLock nerdtree bcf3de4fdffae45fc7c85b6b84a01b37177924aa
NeoBundleLock vim-endwise f06abe3d6eca6f6ebfc31ea3163a51575f450df6
NeoBundleLock vim-rails 24d076f29e3200829476c8ac9489070229133bf0
